
Microsoft Visual Studio Solution File, Format Version 12.00
# Visual Studio Version 16
VisualStudioVersion = 16.0.34031.81
MinimumVisualStudioVersion = 10.0.40219.1
Project("{FAE04EC0-301F-11D3-BF4B-00C04F79EFBC}") = "BT1", "BT1\BT1.csproj", "{9F443E4B-9F9E-4A31-A03F-D1F3026234DA}"
EndProject
Project("{FAE04EC0-301F-11D3-BF4B-00C04F79EFBC}") = "BT2", "BT2\BT2.csproj", "{C25D0EBD-5F21-4394-A61B-8CAB957473B4}"
EndProject
Project("{FAE04EC0-301F-11D3-BF4B-00C04F79EFBC}") = "BT3", "BT3\BT3.csproj", "{A814D9E0-B25E-4585-A8CD-464E5CB68CC8}"
EndProject
Global
	GlobalSection(SolutionConfigurationPlatforms) = preSolution
		Debug|Any CPU = Debug|Any CPU
		Release|Any CPU = Release|Any CPU
	EndGlobalSection
	GlobalSection(ProjectConfigurationPlatforms) = postSolution
		{9F443E4B-9F9E-4A31-A03F-D1F3026234DA}.Debug|Any CPU.ActiveCfg = Debug|Any CPU
		{9F443E4B-9F9E-4A31-A03F-D1F3026234DA}.Debug|Any CPU.Build.0 = Debug|Any CPU
		{9F443E4B-9F9E-4A31-A03F-D1F3026234DA}.Release|Any CPU.ActiveCfg = Release|Any CPU
		{9F443E4B-9F9E-4A31-A03F-D1F3026234DA}.Release|Any CPU.Build.0 = Release|Any CPU
		{C25D0EBD-5F21-4394-A61B-8CAB957473B4}.Debug|Any CPU.ActiveCfg = Debug|Any CPU
		{C25D0EBD-5F21-4394-A61B-8CAB957473B4}.Debug|Any CPU.Build.0 = Debug|Any CPU
		{C25D0EBD-5F21-4394-A61B-8CAB957473B4}.Release|Any CPU.ActiveCfg = Release|Any CPU
		{C25D0EBD-5F21-4394-A61B-8CAB957473B4}.Release|Any CPU.Build.0 = Release|Any CPU
		{A814D9E0-B25E-4585-A8CD-464E5CB68CC8}.Debug|Any CPU.ActiveCfg = Debug|Any CPU
		{A814D9E0-B25E-4585-A8CD-464E5CB68CC8}.Debug|Any CPU.Build.0 = Debug|Any CPU
		{A814D9E0-B25E-4585-A8CD-464E5CB68CC8}.Release|Any CPU.ActiveCfg = Release|Any CPU
		{A814D9E0-B25E-4585-A8CD-464E5CB68CC8}.Release|Any CPU.Build.0 = Release|Any CPU
	EndGlobalSection
	GlobalSection(SolutionProperties) = preSolution
		HideSolutionNode = FALSE
	EndGlobalSection
	GlobalSection(ExtensibilityGlobals) = postSolution
		SolutionGuid = {0AF547BE-6068-4970-A186-D8F2B153B5BF}
	EndGlobalSection
EndGlobal
